// !$*UTF8*$!
{
	archiveVersion = 1;
	classes = {
	};
	objectVersion = 51;
	objects = {

/* Begin PBXBuildFile section */
		1917E4A923B626210041FE11 /* Configuration.swift in Sources */ = {isa = PBXBuildFile; fileRef = 1917E4A823B626210041FE11 /* Configuration.swift */; };
		1917E4AB23B626E00041FE11 /* BPMStandardDefaultSettingViewUI.swift in Sources */ = {isa = PBXBuildFile; fileRef = 1917E4AA23B626E00041FE11 /* BPMStandardDefaultSettingViewUI.swift */; };
		1917E4AE23B629360041FE11 /* MainTabBarController.swift in Sources */ = {isa = PBXBuildFile; fileRef = 1917E4AD23B629360041FE11 /* MainTabBarController.swift */; };
		1917E4B023B629F10041FE11 /* HomeViewController.swift in Sources */ = {isa = PBXBuildFile; fileRef = 1917E4AF23B629F10041FE11 /* HomeViewController.swift */; };
		1917E4B223B629F50041FE11 /* HomeViewUI.swift in Sources */ = {isa = PBXBuildFile; fileRef = 1917E4B123B629F50041FE11 /* HomeViewUI.swift */; };
		1917E4B623B62AA20041FE11 /* InfoViewController.swift in Sources */ = {isa = PBXBuildFile; fileRef = 1917E4B523B62AA20041FE11 /* InfoViewController.swift */; };
		1917E4B823B62AA80041FE11 /* InfoViewUI.swift in Sources */ = {isa = PBXBuildFile; fileRef = 1917E4B723B62AA80041FE11 /* InfoViewUI.swift */; };
		1917E4BC23B62AB30041FE11 /* MoreViewController.swift in Sources */ = {isa = PBXBuildFile; fileRef = 1917E4BB23B62AB30041FE11 /* MoreViewController.swift */; };
		1917E4BE23B62AB70041FE11 /* MoreViewUI.swift in Sources */ = {isa = PBXBuildFile; fileRef = 1917E4BD23B62AB70041FE11 /* MoreViewUI.swift */; };
		1917E4C523B62F770041FE11 /* UIView+.swift in Sources */ = {isa = PBXBuildFile; fileRef = 1917E4C423B62F770041FE11 /* UIView+.swift */; };
		1917E4C723B62F880041FE11 /* UIView+SnapKit.swift in Sources */ = {isa = PBXBuildFile; fileRef = 1917E4C623B62F880041FE11 /* UIView+SnapKit.swift */; };
		1917E4C923B62F940041FE11 /* NSObject+.swift in Sources */ = {isa = PBXBuildFile; fileRef = 1917E4C823B62F940041FE11 /* NSObject+.swift */; };
		1917E4D123B62FA20041FE11 /* Result+.swift in Sources */ = {isa = PBXBuildFile; fileRef = 1917E4CA23B62FA20041FE11 /* Result+.swift */; };
		1917E4D223B62FA20041FE11 /* Reactive+UITableView.swift in Sources */ = {isa = PBXBuildFile; fileRef = 1917E4CB23B62FA20041FE11 /* Reactive+UITableView.swift */; };
		1917E4D323B62FA20041FE11 /* UICollectionView+.swift in Sources */ = {isa = PBXBuildFile; fileRef = 1917E4CC23B62FA20041FE11 /* UICollectionView+.swift */; };
		1917E4D423B62FA20041FE11 /* UITableView+.swift in Sources */ = {isa = PBXBuildFile; fileRef = 1917E4CD23B62FA20041FE11 /* UITableView+.swift */; };
		1917E4D523B62FA20041FE11 /* UIAlertController+.swift in Sources */ = {isa = PBXBuildFile; fileRef = 1917E4CE23B62FA20041FE11 /* UIAlertController+.swift */; };
		1917E4D623B62FA20041FE11 /* UIEdgeInsets+.swift in Sources */ = {isa = PBXBuildFile; fileRef = 1917E4CF23B62FA20041FE11 /* UIEdgeInsets+.swift */; };
		1917E4D723B62FA20041FE11 /* Reactive+UICollectionView.swift in Sources */ = {isa = PBXBuildFile; fileRef = 1917E4D023B62FA20041FE11 /* Reactive+UICollectionView.swift */; };
		1917E4D923B63F1B0041FE11 /* BaseViewController.swift in Sources */ = {isa = PBXBuildFile; fileRef = 1917E4D823B63F1B0041FE11 /* BaseViewController.swift */; };
		1917E4DD23B640590041FE11 /* LoginViewReactor.swift in Sources */ = {isa = PBXBuildFile; fileRef = 1917E4DC23B640590041FE11 /* LoginViewReactor.swift */; };
		1917E4E123B642080041FE11 /* NicknameSettingViewReactor.swift in Sources */ = {isa = PBXBuildFile; fileRef = 1917E4E023B642080041FE11 /* NicknameSettingViewReactor.swift */; };
		1917E4E323B6432F0041FE11 /* BPMStandardDefaultsSettingViewReactor.swift in Sources */ = {isa = PBXBuildFile; fileRef = 1917E4E223B6432F0041FE11 /* BPMStandardDefaultsSettingViewReactor.swift */; };
		1917E4E523B643F10041FE11 /* HomeViewReactor.swift in Sources */ = {isa = PBXBuildFile; fileRef = 1917E4E423B643F10041FE11 /* HomeViewReactor.swift */; };
		1917E4E723B644660041FE11 /* InfoViewReactor.swift in Sources */ = {isa = PBXBuildFile; fileRef = 1917E4E623B644660041FE11 /* InfoViewReactor.swift */; };
		1917E4E923B644700041FE11 /* MoreViewReactor.swift in Sources */ = {isa = PBXBuildFile; fileRef = 1917E4E823B644700041FE11 /* MoreViewReactor.swift */; };
		1917E4EB23B724760041FE11 /* Reactive+UIViewController.swift in Sources */ = {isa = PBXBuildFile; fileRef = 1917E4EA23B724760041FE11 /* Reactive+UIViewController.swift */; };
		196054F723B72E69000643DE /* KakaoOpenSDK.framework in Frameworks */ = {isa = PBXBuildFile; fileRef = 196054F623B72E69000643DE /* KakaoOpenSDK.framework */; };
		196054FA23B73828000643DE /* KakaoLoginService.swift in Sources */ = {isa = PBXBuildFile; fileRef = 196054F923B73828000643DE /* KakaoLoginService.swift */; };
		196054FC23B7392A000643DE /* Log.swift in Sources */ = {isa = PBXBuildFile; fileRef = 196054FB23B7392A000643DE /* Log.swift */; };
		196054FE23B7403D000643DE /* LoginNavigationController.swift in Sources */ = {isa = PBXBuildFile; fileRef = 196054FD23B7403D000643DE /* LoginNavigationController.swift */; };
		1960550023B8A9FC000643DE /* UIStackView+.swift in Sources */ = {isa = PBXBuildFile; fileRef = 196054FF23B8A9FC000643DE /* UIStackView+.swift */; };
		1960550F23B9E810000643DE /* NicknameChangeViewController.swift in Sources */ = {isa = PBXBuildFile; fileRef = 1960550E23B9E810000643DE /* NicknameChangeViewController.swift */; };
		1960551323B9E822000643DE /* NicknameChangeViewUI.swift in Sources */ = {isa = PBXBuildFile; fileRef = 1960551223B9E822000643DE /* NicknameChangeViewUI.swift */; };
		1960551523B9E829000643DE /* NicknameChangeViewReactor.swift in Sources */ = {isa = PBXBuildFile; fileRef = 1960551423B9E829000643DE /* NicknameChangeViewReactor.swift */; };
		1960551723BB76F0000643DE /* Reactive+UITextField.swift in Sources */ = {isa = PBXBuildFile; fileRef = 1960551623BB76F0000643DE /* Reactive+UITextField.swift */; };
		1960551D23BB7D5B000643DE /* MoreSectionModel.swift in Sources */ = {isa = PBXBuildFile; fileRef = 1960551C23BB7D5B000643DE /* MoreSectionModel.swift */; };
		1960551F23BB816F000643DE /* ConfirmButton.swift in Sources */ = {isa = PBXBuildFile; fileRef = 1960551E23BB816F000643DE /* ConfirmButton.swift */; };
		1960552123BB877B000643DE /* MoreCell.swift in Sources */ = {isa = PBXBuildFile; fileRef = 1960552023BB877B000643DE /* MoreCell.swift */; };
		1960552523BB8A4A000643DE /* Song.swift in Sources */ = {isa = PBXBuildFile; fileRef = 1960552423BB8A4A000643DE /* Song.swift */; };
		1960552723BB8BFE000643DE /* LocalizedString.swift in Sources */ = {isa = PBXBuildFile; fileRef = 1960552623BB8BFE000643DE /* LocalizedString.swift */; };
		1960552923BB8C1E000643DE /* BPM.swift in Sources */ = {isa = PBXBuildFile; fileRef = 1960552823BB8C1E000643DE /* BPM.swift */; };
		1960552D23BB8C42000643DE /* Series.swift in Sources */ = {isa = PBXBuildFile; fileRef = 1960552C23BB8C42000643DE /* Series.swift */; };
		1960552F23BB8C57000643DE /* Tunes.swift in Sources */ = {isa = PBXBuildFile; fileRef = 1960552E23BB8C57000643DE /* Tunes.swift */; };
		1960553123BB8D0E000643DE /* Difficulty.swift in Sources */ = {isa = PBXBuildFile; fileRef = 1960553023BB8D0E000643DE /* Difficulty.swift */; };
		1960553323BB9B46000643DE /* Images.swift in Sources */ = {isa = PBXBuildFile; fileRef = 1960553223BB9B46000643DE /* Images.swift */; };
		1960553723BBA8A7000643DE /* Speed.swift in Sources */ = {isa = PBXBuildFile; fileRef = 1960553623BBA8A7000643DE /* Speed.swift */; };
		1960553923BC62D0000643DE /* RxMailCompose.swift in Sources */ = {isa = PBXBuildFile; fileRef = 1960553823BC62D0000643DE /* RxMailCompose.swift */; };
		1960553B23BC69E9000643DE /* PresentationType.swift in Sources */ = {isa = PBXBuildFile; fileRef = 1960553A23BC69E9000643DE /* PresentationType.swift */; };
		1960553D23BC6D5D000643DE /* MainTunesChangeViewController.swift in Sources */ = {isa = PBXBuildFile; fileRef = 1960553C23BC6D5D000643DE /* MainTunesChangeViewController.swift */; };
		1960553F23BC6D67000643DE /* MainTunesChangeViewReactor.swift in Sources */ = {isa = PBXBuildFile; fileRef = 1960553E23BC6D67000643DE /* MainTunesChangeViewReactor.swift */; };
		1960554123BC6D6D000643DE /* MainTunesChangeViewUI.swift in Sources */ = {isa = PBXBuildFile; fileRef = 1960554023BC6D6D000643DE /* MainTunesChangeViewUI.swift */; };
		1960556423BE0116000643DE /* InfoSectionModel.swift in Sources */ = {isa = PBXBuildFile; fileRef = 1960556323BE0116000643DE /* InfoSectionModel.swift */; };
		1960556623BE02EF000643DE /* InfoCell.swift in Sources */ = {isa = PBXBuildFile; fileRef = 1960556523BE02EF000643DE /* InfoCell.swift */; };
		1960556823BE0395000643DE /* MusicViewController.swift in Sources */ = {isa = PBXBuildFile; fileRef = 1960556723BE0395000643DE /* MusicViewController.swift */; };
		1960556A23BE039C000643DE /* CollectionViewController.swift in Sources */ = {isa = PBXBuildFile; fileRef = 1960556923BE039C000643DE /* CollectionViewController.swift */; };
		1960556C23BE03A3000643DE /* MusicViewUI.swift in Sources */ = {isa = PBXBuildFile; fileRef = 1960556B23BE03A3000643DE /* MusicViewUI.swift */; };
		1960556E23BE03AE000643DE /* MusicViewReactor.swift in Sources */ = {isa = PBXBuildFile; fileRef = 1960556D23BE03AE000643DE /* MusicViewReactor.swift */; };
		1960557023BE03B4000643DE /* CollectionViewUI.swift in Sources */ = {isa = PBXBuildFile; fileRef = 1960556F23BE03B4000643DE /* CollectionViewUI.swift */; };
		1960557223BE03BB000643DE /* CollectionViewReactor.swift in Sources */ = {isa = PBXBuildFile; fileRef = 1960557123BE03BB000643DE /* CollectionViewReactor.swift */; };
		1960557423BE05E0000643DE /* FBService.swift in Sources */ = {isa = PBXBuildFile; fileRef = 1960557323BE05E0000643DE /* FBService.swift */; };
		196B65C823B5F87800CE7B9D /* AppDelegate.swift in Sources */ = {isa = PBXBuildFile; fileRef = 196B65C723B5F87800CE7B9D /* AppDelegate.swift */; };
		196B65D123B5F87A00CE7B9D /* Assets.xcassets in Resources */ = {isa = PBXBuildFile; fileRef = 196B65D023B5F87A00CE7B9D /* Assets.xcassets */; };
		196B65D423B5F87A00CE7B9D /* LaunchScreen.storyboard in Resources */ = {isa = PBXBuildFile; fileRef = 196B65D223B5F87A00CE7B9D /* LaunchScreen.storyboard */; };
		196B65DC23B5F88300CE7B9D /* GoogleService-Info.plist in Resources */ = {isa = PBXBuildFile; fileRef = 196B65DB23B5F88300CE7B9D /* GoogleService-Info.plist */; };
		196B65E423B61F1000CE7B9D /* LoginViewController.swift in Sources */ = {isa = PBXBuildFile; fileRef = 196B65E323B61F1000CE7B9D /* LoginViewController.swift */; };
		196B65E623B61F2A00CE7B9D /* NicknameSettingViewController.swift in Sources */ = {isa = PBXBuildFile; fileRef = 196B65E523B61F2A00CE7B9D /* NicknameSettingViewController.swift */; };
		196B65E823B61F6300CE7B9D /* BPMStandardDefaultsSettingViewController.swift in Sources */ = {isa = PBXBuildFile; fileRef = 196B65E723B61F6300CE7B9D /* BPMStandardDefaultsSettingViewController.swift */; };
		196B65EA23B61F8400CE7B9D /* LoginViewUI.swift in Sources */ = {isa = PBXBuildFile; fileRef = 196B65E923B61F8400CE7B9D /* LoginViewUI.swift */; };
		196B65ED23B6202300CE7B9D /* UI.swift in Sources */ = {isa = PBXBuildFile; fileRef = 196B65EC23B6202300CE7B9D /* UI.swift */; };
		196B65EF23B6202700CE7B9D /* UIOwner.swift in Sources */ = {isa = PBXBuildFile; fileRef = 196B65EE23B6202700CE7B9D /* UIOwner.swift */; };
		196B65F323B6204000CE7B9D /* RootView.swift in Sources */ = {isa = PBXBuildFile; fileRef = 196B65F223B6204000CE7B9D /* RootView.swift */; };
		196B65F523B621F800CE7B9D /* Colors.swift in Sources */ = {isa = PBXBuildFile; fileRef = 196B65F423B621F800CE7B9D /* Colors.swift */; };
		196B65F923B623B400CE7B9D /* NicknameSettingViewUI.swift in Sources */ = {isa = PBXBuildFile; fileRef = 196B65F823B623B400CE7B9D /* NicknameSettingViewUI.swift */; };
		B3D85C67E25331E2677122CA /* Pods_RespectUV.framework in Frameworks */ = {isa = PBXBuildFile; fileRef = 5381AEBD1857F16F5F007BC8 /* Pods_RespectUV.framework */; };
/* End PBXBuildFile section */

/* Begin PBXFileReference section */
		13C0F98D69ECC2C7F57E40AA /* Pods-RespectUV.release.xcconfig */ = {isa = PBXFileReference; includeInIndex = 1; lastKnownFileType = text.xcconfig; name = "Pods-RespectUV.release.xcconfig"; path = "Target Support Files/Pods-RespectUV/Pods-RespectUV.release.xcconfig"; sourceTree = "<group>"; };
		1917E4A823B626210041FE11 /* Configuration.swift */ = {isa = PBXFileReference; lastKnownFileType = sourcecode.swift; path = Configuration.swift; sourceTree = "<group>"; };
		1917E4AA23B626E00041FE11 /* BPMStandardDefaultSettingViewUI.swift */ = {isa = PBXFileReference; lastKnownFileType = sourcecode.swift; path = BPMStandardDefaultSettingViewUI.swift; sourceTree = "<group>"; };
		1917E4AD23B629360041FE11 /* MainTabBarController.swift */ = {isa = PBXFileReference; lastKnownFileType = sourcecode.swift; path = MainTabBarController.swift; sourceTree = "<group>"; };
		1917E4AF23B629F10041FE11 /* HomeViewController.swift */ = {isa = PBXFileReference; lastKnownFileType = sourcecode.swift; path = HomeViewController.swift; sourceTree = "<group>"; };
		1917E4B123B629F50041FE11 /* HomeViewUI.swift */ = {isa = PBXFileReference; lastKnownFileType = sourcecode.swift; path = HomeViewUI.swift; sourceTree = "<group>"; };
		1917E4B523B62AA20041FE11 /* InfoViewController.swift */ = {isa = PBXFileReference; lastKnownFileType = sourcecode.swift; path = InfoViewController.swift; sourceTree = "<group>"; };
		1917E4B723B62AA80041FE11 /* InfoViewUI.swift */ = {isa = PBXFileReference; lastKnownFileType = sourcecode.swift; path = InfoViewUI.swift; sourceTree = "<group>"; };
		1917E4BB23B62AB30041FE11 /* MoreViewController.swift */ = {isa = PBXFileReference; lastKnownFileType = sourcecode.swift; path = MoreViewController.swift; sourceTree = "<group>"; };
		1917E4BD23B62AB70041FE11 /* MoreViewUI.swift */ = {isa = PBXFileReference; lastKnownFileType = sourcecode.swift; path = MoreViewUI.swift; sourceTree = "<group>"; };
		1917E4C423B62F770041FE11 /* UIView+.swift */ = {isa = PBXFileReference; lastKnownFileType = sourcecode.swift; path = "UIView+.swift"; sourceTree = "<group>"; };
		1917E4C623B62F880041FE11 /* UIView+SnapKit.swift */ = {isa = PBXFileReference; lastKnownFileType = sourcecode.swift; path = "UIView+SnapKit.swift"; sourceTree = "<group>"; };
		1917E4C823B62F940041FE11 /* NSObject+.swift */ = {isa = PBXFileReference; lastKnownFileType = sourcecode.swift; path = "NSObject+.swift"; sourceTree = "<group>"; };
		1917E4CA23B62FA20041FE11 /* Result+.swift */ = {isa = PBXFileReference; fileEncoding = 4; lastKnownFileType = sourcecode.swift; path = "Result+.swift"; sourceTree = "<group>"; };
		1917E4CB23B62FA20041FE11 /* Reactive+UITableView.swift */ = {isa = PBXFileReference; fileEncoding = 4; lastKnownFileType = sourcecode.swift; path = "Reactive+UITableView.swift"; sourceTree = "<group>"; };
		1917E4CC23B62FA20041FE11 /* UICollectionView+.swift */ = {isa = PBXFileReference; fileEncoding = 4; lastKnownFileType = sourcecode.swift; path = "UICollectionView+.swift"; sourceTree = "<group>"; };
		1917E4CD23B62FA20041FE11 /* UITableView+.swift */ = {isa = PBXFileReference; fileEncoding = 4; lastKnownFileType = sourcecode.swift; path = "UITableView+.swift"; sourceTree = "<group>"; };
		1917E4CE23B62FA20041FE11 /* UIAlertController+.swift */ = {isa = PBXFileReference; fileEncoding = 4; lastKnownFileType = sourcecode.swift; path = "UIAlertController+.swift"; sourceTree = "<group>"; };
		1917E4CF23B62FA20041FE11 /* UIEdgeInsets+.swift */ = {isa = PBXFileReference; fileEncoding = 4; lastKnownFileType = sourcecode.swift; path = "UIEdgeInsets+.swift"; sourceTree = "<group>"; };
		1917E4D023B62FA20041FE11 /* Reactive+UICollectionView.swift */ = {isa = PBXFileReference; fileEncoding = 4; lastKnownFileType = sourcecode.swift; path = "Reactive+UICollectionView.swift"; sourceTree = "<group>"; };
		1917E4D823B63F1B0041FE11 /* BaseViewController.swift */ = {isa = PBXFileReference; lastKnownFileType = sourcecode.swift; path = BaseViewController.swift; sourceTree = "<group>"; };
		1917E4DC23B640590041FE11 /* LoginViewReactor.swift */ = {isa = PBXFileReference; lastKnownFileType = sourcecode.swift; path = LoginViewReactor.swift; sourceTree = "<group>"; };
		1917E4E023B642080041FE11 /* NicknameSettingViewReactor.swift */ = {isa = PBXFileReference; lastKnownFileType = sourcecode.swift; path = NicknameSettingViewReactor.swift; sourceTree = "<group>"; };
		1917E4E223B6432F0041FE11 /* BPMStandardDefaultsSettingViewReactor.swift */ = {isa = PBXFileReference; lastKnownFileType = sourcecode.swift; path = BPMStandardDefaultsSettingViewReactor.swift; sourceTree = "<group>"; };
		1917E4E423B643F10041FE11 /* HomeViewReactor.swift */ = {isa = PBXFileReference; lastKnownFileType = sourcecode.swift; path = HomeViewReactor.swift; sourceTree = "<group>"; };
		1917E4E623B644660041FE11 /* InfoViewReactor.swift */ = {isa = PBXFileReference; lastKnownFileType = sourcecode.swift; path = InfoViewReactor.swift; sourceTree = "<group>"; };
		1917E4E823B644700041FE11 /* MoreViewReactor.swift */ = {isa = PBXFileReference; lastKnownFileType = sourcecode.swift; path = MoreViewReactor.swift; sourceTree = "<group>"; };
		1917E4EA23B724760041FE11 /* Reactive+UIViewController.swift */ = {isa = PBXFileReference; lastKnownFileType = sourcecode.swift; path = "Reactive+UIViewController.swift"; sourceTree = "<group>"; };
		196054F623B72E69000643DE /* KakaoOpenSDK.framework */ = {isa = PBXFileReference; lastKnownFileType = wrapper.framework; path = KakaoOpenSDK.framework; sourceTree = "<group>"; };
		196054F923B73828000643DE /* KakaoLoginService.swift */ = {isa = PBXFileReference; lastKnownFileType = sourcecode.swift; path = KakaoLoginService.swift; sourceTree = "<group>"; };
		196054FB23B7392A000643DE /* Log.swift */ = {isa = PBXFileReference; lastKnownFileType = sourcecode.swift; path = Log.swift; sourceTree = "<group>"; };
		196054FD23B7403D000643DE /* LoginNavigationController.swift */ = {isa = PBXFileReference; lastKnownFileType = sourcecode.swift; path = LoginNavigationController.swift; sourceTree = "<group>"; };
		196054FF23B8A9FC000643DE /* UIStackView+.swift */ = {isa = PBXFileReference; lastKnownFileType = sourcecode.swift; path = "UIStackView+.swift"; sourceTree = "<group>"; };
		1960550E23B9E810000643DE /* NicknameChangeViewController.swift */ = {isa = PBXFileReference; lastKnownFileType = sourcecode.swift; path = NicknameChangeViewController.swift; sourceTree = "<group>"; };
		1960551223B9E822000643DE /* NicknameChangeViewUI.swift */ = {isa = PBXFileReference; lastKnownFileType = sourcecode.swift; path = NicknameChangeViewUI.swift; sourceTree = "<group>"; };
		1960551423B9E829000643DE /* NicknameChangeViewReactor.swift */ = {isa = PBXFileReference; lastKnownFileType = sourcecode.swift; path = NicknameChangeViewReactor.swift; sourceTree = "<group>"; };
		1960551623BB76F0000643DE /* Reactive+UITextField.swift */ = {isa = PBXFileReference; lastKnownFileType = sourcecode.swift; path = "Reactive+UITextField.swift"; sourceTree = "<group>"; };
		1960551C23BB7D5B000643DE /* MoreSectionModel.swift */ = {isa = PBXFileReference; lastKnownFileType = sourcecode.swift; path = MoreSectionModel.swift; sourceTree = "<group>"; };
		1960551E23BB816F000643DE /* ConfirmButton.swift */ = {isa = PBXFileReference; lastKnownFileType = sourcecode.swift; path = ConfirmButton.swift; sourceTree = "<group>"; };
		1960552023BB877B000643DE /* MoreCell.swift */ = {isa = PBXFileReference; lastKnownFileType = sourcecode.swift; path = MoreCell.swift; sourceTree = "<group>"; };
		1960552423BB8A4A000643DE /* Song.swift */ = {isa = PBXFileReference; lastKnownFileType = sourcecode.swift; path = Song.swift; sourceTree = "<group>"; };
		1960552623BB8BFE000643DE /* LocalizedString.swift */ = {isa = PBXFileReference; lastKnownFileType = sourcecode.swift; path = LocalizedString.swift; sourceTree = "<group>"; };
		1960552823BB8C1E000643DE /* BPM.swift */ = {isa = PBXFileReference; lastKnownFileType = sourcecode.swift; path = BPM.swift; sourceTree = "<group>"; };
		1960552C23BB8C42000643DE /* Series.swift */ = {isa = PBXFileReference; lastKnownFileType = sourcecode.swift; path = Series.swift; sourceTree = "<group>"; };
		1960552E23BB8C57000643DE /* Tunes.swift */ = {isa = PBXFileReference; lastKnownFileType = sourcecode.swift; path = Tunes.swift; sourceTree = "<group>"; };
		1960553023BB8D0E000643DE /* Difficulty.swift */ = {isa = PBXFileReference; lastKnownFileType = sourcecode.swift; path = Difficulty.swift; sourceTree = "<group>"; };
		1960553223BB9B46000643DE /* Images.swift */ = {isa = PBXFileReference; lastKnownFileType = sourcecode.swift; path = Images.swift; sourceTree = "<group>"; };
		1960553623BBA8A7000643DE /* Speed.swift */ = {isa = PBXFileReference; lastKnownFileType = sourcecode.swift; path = Speed.swift; sourceTree = "<group>"; };
		1960553823BC62D0000643DE /* RxMailCompose.swift */ = {isa = PBXFileReference; lastKnownFileType = sourcecode.swift; path = RxMailCompose.swift; sourceTree = "<group>"; };
		1960553A23BC69E9000643DE /* PresentationType.swift */ = {isa = PBXFileReference; lastKnownFileType = sourcecode.swift; path = PresentationType.swift; sourceTree = "<group>"; };
		1960553C23BC6D5D000643DE /* MainTunesChangeViewController.swift */ = {isa = PBXFileReference; lastKnownFileType = sourcecode.swift; path = MainTunesChangeViewController.swift; sourceTree = "<group>"; };
		1960553E23BC6D67000643DE /* MainTunesChangeViewReactor.swift */ = {isa = PBXFileReference; lastKnownFileType = sourcecode.swift; path = MainTunesChangeViewReactor.swift; sourceTree = "<group>"; };
		1960554023BC6D6D000643DE /* MainTunesChangeViewUI.swift */ = {isa = PBXFileReference; lastKnownFileType = sourcecode.swift; path = MainTunesChangeViewUI.swift; sourceTree = "<group>"; };
		1960556323BE0116000643DE /* InfoSectionModel.swift */ = {isa = PBXFileReference; lastKnownFileType = sourcecode.swift; path = InfoSectionModel.swift; sourceTree = "<group>"; };
		1960556523BE02EF000643DE /* InfoCell.swift */ = {isa = PBXFileReference; lastKnownFileType = sourcecode.swift; path = InfoCell.swift; sourceTree = "<group>"; };
		1960556723BE0395000643DE /* MusicViewController.swift */ = {isa = PBXFileReference; lastKnownFileType = sourcecode.swift; path = MusicViewController.swift; sourceTree = "<group>"; };
		1960556923BE039C000643DE /* CollectionViewController.swift */ = {isa = PBXFileReference; lastKnownFileType = sourcecode.swift; path = CollectionViewController.swift; sourceTree = "<group>"; };
		1960556B23BE03A3000643DE /* MusicViewUI.swift */ = {isa = PBXFileReference; lastKnownFileType = sourcecode.swift; path = MusicViewUI.swift; sourceTree = "<group>"; };
		1960556D23BE03AE000643DE /* MusicViewReactor.swift */ = {isa = PBXFileReference; lastKnownFileType = sourcecode.swift; path = MusicViewReactor.swift; sourceTree = "<group>"; };
		1960556F23BE03B4000643DE /* CollectionViewUI.swift */ = {isa = PBXFileReference; lastKnownFileType = sourcecode.swift; path = CollectionViewUI.swift; sourceTree = "<group>"; };
		1960557123BE03BB000643DE /* CollectionViewReactor.swift */ = {isa = PBXFileReference; lastKnownFileType = sourcecode.swift; path = CollectionViewReactor.swift; sourceTree = "<group>"; };
		1960557323BE05E0000643DE /* FBService.swift */ = {isa = PBXFileReference; lastKnownFileType = sourcecode.swift; path = FBService.swift; sourceTree = "<group>"; };
		196B65C423B5F87800CE7B9D /* RespectUV.app */ = {isa = PBXFileReference; explicitFileType = wrapper.application; includeInIndex = 0; path = RespectUV.app; sourceTree = BUILT_PRODUCTS_DIR; };
		196B65C723B5F87800CE7B9D /* AppDelegate.swift */ = {isa = PBXFileReference; lastKnownFileType = sourcecode.swift; path = AppDelegate.swift; sourceTree = "<group>"; };
		196B65D023B5F87A00CE7B9D /* Assets.xcassets */ = {isa = PBXFileReference; lastKnownFileType = folder.assetcatalog; path = Assets.xcassets; sourceTree = "<group>"; };
		196B65D323B5F87A00CE7B9D /* Base */ = {isa = PBXFileReference; lastKnownFileType = file.storyboard; name = Base; path = Base.lproj/LaunchScreen.storyboard; sourceTree = "<group>"; };
		196B65D523B5F87A00CE7B9D /* Info.plist */ = {isa = PBXFileReference; lastKnownFileType = text.plist.xml; path = Info.plist; sourceTree = "<group>"; };
		196B65DB23B5F88300CE7B9D /* GoogleService-Info.plist */ = {isa = PBXFileReference; fileEncoding = 4; lastKnownFileType = text.plist.xml; name = "GoogleService-Info.plist"; path = "../GoogleService-Info.plist"; sourceTree = "<group>"; };
		196B65E323B61F1000CE7B9D /* LoginViewController.swift */ = {isa = PBXFileReference; lastKnownFileType = sourcecode.swift; path = LoginViewController.swift; sourceTree = "<group>"; };
		196B65E523B61F2A00CE7B9D /* NicknameSettingViewController.swift */ = {isa = PBXFileReference; lastKnownFileType = sourcecode.swift; path = NicknameSettingViewController.swift; sourceTree = "<group>"; };
		196B65E723B61F6300CE7B9D /* BPMStandardDefaultsSettingViewController.swift */ = {isa = PBXFileReference; lastKnownFileType = sourcecode.swift; path = BPMStandardDefaultsSettingViewController.swift; sourceTree = "<group>"; };
		196B65E923B61F8400CE7B9D /* LoginViewUI.swift */ = {isa = PBXFileReference; lastKnownFileType = sourcecode.swift; path = LoginViewUI.swift; sourceTree = "<group>"; };
		196B65EC23B6202300CE7B9D /* UI.swift */ = {isa = PBXFileReference; lastKnownFileType = sourcecode.swift; path = UI.swift; sourceTree = "<group>"; };
		196B65EE23B6202700CE7B9D /* UIOwner.swift */ = {isa = PBXFileReference; lastKnownFileType = sourcecode.swift; path = UIOwner.swift; sourceTree = "<group>"; };
		196B65F223B6204000CE7B9D /* RootView.swift */ = {isa = PBXFileReference; lastKnownFileType = sourcecode.swift; path = RootView.swift; sourceTree = "<group>"; };
		196B65F423B621F800CE7B9D /* Colors.swift */ = {isa = PBXFileReference; lastKnownFileType = sourcecode.swift; path = Colors.swift; sourceTree = "<group>"; };
		196B65F823B623B400CE7B9D /* NicknameSettingViewUI.swift */ = {isa = PBXFileReference; lastKnownFileType = sourcecode.swift; path = NicknameSettingViewUI.swift; sourceTree = "<group>"; };
		423318240FD63C29EE735DD7 /* Pods-RespectUV.debug.xcconfig */ = {isa = PBXFileReference; includeInIndex = 1; lastKnownFileType = text.xcconfig; name = "Pods-RespectUV.debug.xcconfig"; path = "Target Support Files/Pods-RespectUV/Pods-RespectUV.debug.xcconfig"; sourceTree = "<group>"; };
		5381AEBD1857F16F5F007BC8 /* Pods_RespectUV.framework */ = {isa = PBXFileReference; explicitFileType = wrapper.framework; includeInIndex = 0; path = Pods_RespectUV.framework; sourceTree = BUILT_PRODUCTS_DIR; };
/* End PBXFileReference section */

/* Begin PBXFrameworksBuildPhase section */
		196B65C123B5F87800CE7B9D /* Frameworks */ = {
			isa = PBXFrameworksBuildPhase;
			buildActionMask = 2147483647;
			files = (
				B3D85C67E25331E2677122CA /* Pods_RespectUV.framework in Frameworks */,
				196054F723B72E69000643DE /* KakaoOpenSDK.framework in Frameworks */,
			);
			runOnlyForDeploymentPostprocessing = 0;
		};
/* End PBXFrameworksBuildPhase section */

/* Begin PBXGroup section */
		1917E4AC23B627320041FE11 /* Common */ = {
			isa = PBXGroup;
			children = (
				1917E4A823B626210041FE11 /* Configuration.swift */,
				196054FB23B7392A000643DE /* Log.swift */,
				1960552423BB8A4A000643DE /* Song.swift */,
				1960552623BB8BFE000643DE /* LocalizedString.swift */,
				1960552823BB8C1E000643DE /* BPM.swift */,
				1960552C23BB8C42000643DE /* Series.swift */,
				1960552E23BB8C57000643DE /* Tunes.swift */,
				1960553023BB8D0E000643DE /* Difficulty.swift */,
				1960553623BBA8A7000643DE /* Speed.swift */,
				1960553A23BC69E9000643DE /* PresentationType.swift */,
			);
			path = Common;
			sourceTree = "<group>";
		};
		1917E4C323B62F5C0041FE11 /* Extension */ = {
			isa = PBXGroup;
			children = (
				1917E4C423B62F770041FE11 /* UIView+.swift */,
				1917E4C623B62F880041FE11 /* UIView+SnapKit.swift */,
				1917E4C823B62F940041FE11 /* NSObject+.swift */,
				1917E4D023B62FA20041FE11 /* Reactive+UICollectionView.swift */,
				1917E4CB23B62FA20041FE11 /* Reactive+UITableView.swift */,
				1917E4CA23B62FA20041FE11 /* Result+.swift */,
				1917E4CE23B62FA20041FE11 /* UIAlertController+.swift */,
				1917E4CC23B62FA20041FE11 /* UICollectionView+.swift */,
				1917E4CF23B62FA20041FE11 /* UIEdgeInsets+.swift */,
				1917E4CD23B62FA20041FE11 /* UITableView+.swift */,
				1917E4EA23B724760041FE11 /* Reactive+UIViewController.swift */,
				196054FF23B8A9FC000643DE /* UIStackView+.swift */,
				1960551623BB76F0000643DE /* Reactive+UITextField.swift */,
			);
			path = Extension;
			sourceTree = "<group>";
		};
		196054F823B7381D000643DE /* Service */ = {
			isa = PBXGroup;
			children = (
				196054F923B73828000643DE /* KakaoLoginService.swift */,
				1960553823BC62D0000643DE /* RxMailCompose.swift */,
				1960557323BE05E0000643DE /* FBService.swift */,
			);
			path = Service;
			sourceTree = "<group>";
		};
		1960550123B9C0DB000643DE /* Intro */ = {
			isa = PBXGroup;
			children = (
				196054FD23B7403D000643DE /* LoginNavigationController.swift */,
				196B65E323B61F1000CE7B9D /* LoginViewController.swift */,
				1917E4DC23B640590041FE11 /* LoginViewReactor.swift */,
				196B65E923B61F8400CE7B9D /* LoginViewUI.swift */,
				196B65E523B61F2A00CE7B9D /* NicknameSettingViewController.swift */,
				1917E4E023B642080041FE11 /* NicknameSettingViewReactor.swift */,
				196B65F823B623B400CE7B9D /* NicknameSettingViewUI.swift */,
			);
			path = Intro;
			sourceTree = "<group>";
		};
		1960550223B9C0E5000643DE /* Main */ = {
			isa = PBXGroup;
			children = (
				1917E4AD23B629360041FE11 /* MainTabBarController.swift */,
				1960550B23B9DCE0000643DE /* Home */,
				1960550C23B9DCE5000643DE /* Info */,
				1960550D23B9DCEA000643DE /* More */,
			);
			path = Main;
			sourceTree = "<group>";
		};
		1960550B23B9DCE0000643DE /* Home */ = {
			isa = PBXGroup;
			children = (
				1917E4AF23B629F10041FE11 /* HomeViewController.swift */,
				1917E4E423B643F10041FE11 /* HomeViewReactor.swift */,
				1917E4B123B629F50041FE11 /* HomeViewUI.swift */,
			);
			path = Home;
			sourceTree = "<group>";
		};
		1960550C23B9DCE5000643DE /* Info */ = {
			isa = PBXGroup;
			children = (
				1917E4B523B62AA20041FE11 /* InfoViewController.swift */,
				1917E4E623B644660041FE11 /* InfoViewReactor.swift */,
				1917E4B723B62AA80041FE11 /* InfoViewUI.swift */,
				1960556723BE0395000643DE /* MusicViewController.swift */,
				1960556D23BE03AE000643DE /* MusicViewReactor.swift */,
				1960556B23BE03A3000643DE /* MusicViewUI.swift */,
				1960556923BE039C000643DE /* CollectionViewController.swift */,
				1960557123BE03BB000643DE /* CollectionViewReactor.swift */,
				1960556F23BE03B4000643DE /* CollectionViewUI.swift */,
			);
			path = Info;
			sourceTree = "<group>";
		};
		1960550D23B9DCEA000643DE /* More */ = {
			isa = PBXGroup;
			children = (
				1917E4BB23B62AB30041FE11 /* MoreViewController.swift */,
				1917E4E823B644700041FE11 /* MoreViewReactor.swift */,
				1917E4BD23B62AB70041FE11 /* MoreViewUI.swift */,
				196B65E723B61F6300CE7B9D /* BPMStandardDefaultsSettingViewController.swift */,
				1917E4E223B6432F0041FE11 /* BPMStandardDefaultsSettingViewReactor.swift */,
				1917E4AA23B626E00041FE11 /* BPMStandardDefaultSettingViewUI.swift */,
				1960553C23BC6D5D000643DE /* MainTunesChangeViewController.swift */,
				1960553E23BC6D67000643DE /* MainTunesChangeViewReactor.swift */,
				1960554023BC6D6D000643DE /* MainTunesChangeViewUI.swift */,
				1960550E23B9E810000643DE /* NicknameChangeViewController.swift */,
				1960551423B9E829000643DE /* NicknameChangeViewReactor.swift */,
				1960551223B9E822000643DE /* NicknameChangeViewUI.swift */,
			);
			path = More;
			sourceTree = "<group>";
		};
		1960551823BB78E4000643DE /* Model */ = {
			isa = PBXGroup;
			children = (
				1960551C23BB7D5B000643DE /* MoreSectionModel.swift */,
				1960556323BE0116000643DE /* InfoSectionModel.swift */,
			);
			path = Model;
			sourceTree = "<group>";
		};
		196B65BB23B5F87800CE7B9D = {
			isa = PBXGroup;
			children = (
				196B65C623B5F87800CE7B9D /* RespectUV */,
				196B65C523B5F87800CE7B9D /* Products */,
				9104BDA1F76F833CBD60D2E7 /* Pods */,
				C71E8FDEA6A0573F7EC41225 /* Frameworks */,
			);
			sourceTree = "<group>";
		};
		196B65C523B5F87800CE7B9D /* Products */ = {
			isa = PBXGroup;
			children = (
				196B65C423B5F87800CE7B9D /* RespectUV.app */,
			);
			name = Products;
			sourceTree = "<group>";
		};
		196B65C623B5F87800CE7B9D /* RespectUV */ = {
			isa = PBXGroup;
			children = (
				196B65E123B61D5600CE7B9D /* Supports */,
				196B65E023B61D5300CE7B9D /* Sources */,
				196B65DF23B61D4D00CE7B9D /* Resources */,
			);
			path = RespectUV;
			sourceTree = "<group>";
		};
		196B65DF23B61D4D00CE7B9D /* Resources */ = {
			isa = PBXGroup;
			children = (
				196B65D223B5F87A00CE7B9D /* LaunchScreen.storyboard */,
				196B65D023B5F87A00CE7B9D /* Assets.xcassets */,
				196B65F423B621F800CE7B9D /* Colors.swift */,
				1960553223BB9B46000643DE /* Images.swift */,
			);
			path = Resources;
			sourceTree = "<group>";
		};
		196B65E023B61D5300CE7B9D /* Sources */ = {
			isa = PBXGroup;
			children = (
				1960551823BB78E4000643DE /* Model */,
				196054F823B7381D000643DE /* Service */,
				1917E4C323B62F5C0041FE11 /* Extension */,
				1917E4AC23B627320041FE11 /* Common */,
				196B65F123B6203500CE7B9D /* View Controller */,
				196B65F023B6203200CE7B9D /* View */,
				196B65EB23B6201B00CE7B9D /* Protocol */,
			);
			path = Sources;
			sourceTree = "<group>";
		};
		196B65E123B61D5600CE7B9D /* Supports */ = {
			isa = PBXGroup;
			children = (
				196B65DB23B5F88300CE7B9D /* GoogleService-Info.plist */,
				196B65D523B5F87A00CE7B9D /* Info.plist */,
				196B65C723B5F87800CE7B9D /* AppDelegate.swift */,
			);
			path = Supports;
			sourceTree = "<group>";
		};
		196B65EB23B6201B00CE7B9D /* Protocol */ = {
			isa = PBXGroup;
			children = (
				196B65EC23B6202300CE7B9D /* UI.swift */,
				196B65EE23B6202700CE7B9D /* UIOwner.swift */,
			);
			path = Protocol;
			sourceTree = "<group>";
		};
		196B65F023B6203200CE7B9D /* View */ = {
			isa = PBXGroup;
			children = (
				196B65F223B6204000CE7B9D /* RootView.swift */,
				1960551E23BB816F000643DE /* ConfirmButton.swift */,
				1960552023BB877B000643DE /* MoreCell.swift */,
				1960556523BE02EF000643DE /* InfoCell.swift */,
			);
			path = View;
			sourceTree = "<group>";
		};
		196B65F123B6203500CE7B9D /* View Controller */ = {
			isa = PBXGroup;
			children = (
				1917E4D823B63F1B0041FE11 /* BaseViewController.swift */,
				1960550123B9C0DB000643DE /* Intro */,
				1960550223B9C0E5000643DE /* Main */,
			);
			path = "View Controller";
			sourceTree = "<group>";
		};
		9104BDA1F76F833CBD60D2E7 /* Pods */ = {
			isa = PBXGroup;
			children = (
				423318240FD63C29EE735DD7 /* Pods-RespectUV.debug.xcconfig */,
				13C0F98D69ECC2C7F57E40AA /* Pods-RespectUV.release.xcconfig */,
			);
			path = Pods;
			sourceTree = "<group>";
		};
		C71E8FDEA6A0573F7EC41225 /* Frameworks */ = {
			isa = PBXGroup;
			children = (
				196054F623B72E69000643DE /* KakaoOpenSDK.framework */,
				5381AEBD1857F16F5F007BC8 /* Pods_RespectUV.framework */,
			);
			name = Frameworks;
			sourceTree = "<group>";
		};
/* End PBXGroup section */

/* Begin PBXNativeTarget section */
		196B65C323B5F87800CE7B9D /* RespectUV */ = {
			isa = PBXNativeTarget;
			buildConfigurationList = 196B65D823B5F87A00CE7B9D /* Build configuration list for PBXNativeTarget "RespectUV" */;
			buildPhases = (
				4696BE32D7D52D419FC60A38 /* [CP] Check Pods Manifest.lock */,
				196B65C023B5F87800CE7B9D /* Sources */,
				196B65C123B5F87800CE7B9D /* Frameworks */,
				E62EED9B3D667B480F11A2F0 /* [Carte] Pre Script */,
				196B65C223B5F87800CE7B9D /* Resources */,
				6F09AC68488332B30709BADD /* [Carte] Post Script */,
				54203FC88C805BED6D890092 /* [CP] Embed Pods Frameworks */,
			);
			buildRules = (
			);
			dependencies = (
			);
			name = RespectUV;
			productName = RespectUV;
			productReference = 196B65C423B5F87800CE7B9D /* RespectUV.app */;
			productType = "com.apple.product-type.application";
		};
/* End PBXNativeTarget section */

/* Begin PBXProject section */
		196B65BC23B5F87800CE7B9D /* Project object */ = {
			isa = PBXProject;
			attributes = {
				LastSwiftUpdateCheck = 1130;
				LastUpgradeCheck = 1130;
				ORGANIZATIONNAME = presto;
				TargetAttributes = {
					196B65C323B5F87800CE7B9D = {
						CreatedOnToolsVersion = 11.3;
					};
				};
			};
			buildConfigurationList = 196B65BF23B5F87800CE7B9D /* Build configuration list for PBXProject "RespectUV" */;
			compatibilityVersion = "Xcode 9.3";
			developmentRegion = en;
			hasScannedForEncodings = 0;
			knownRegions = (
				en,
				Base,
			);
			mainGroup = 196B65BB23B5F87800CE7B9D;
			productRefGroup = 196B65C523B5F87800CE7B9D /* Products */;
			projectDirPath = "";
			projectRoot = "";
			targets = (
				196B65C323B5F87800CE7B9D /* RespectUV */,
			);
		};
/* End PBXProject section */

/* Begin PBXResourcesBuildPhase section */
		196B65C223B5F87800CE7B9D /* Resources */ = {
			isa = PBXResourcesBuildPhase;
			buildActionMask = 2147483647;
			files = (
				196B65D423B5F87A00CE7B9D /* LaunchScreen.storyboard in Resources */,
				196B65D123B5F87A00CE7B9D /* Assets.xcassets in Resources */,
				196B65DC23B5F88300CE7B9D /* GoogleService-Info.plist in Resources */,
			);
			runOnlyForDeploymentPostprocessing = 0;
		};
/* End PBXResourcesBuildPhase section */

/* Begin PBXShellScriptBuildPhase section */
		4696BE32D7D52D419FC60A38 /* [CP] Check Pods Manifest.lock */ = {
			isa = PBXShellScriptBuildPhase;
			buildActionMask = 2147483647;
			files = (
			);
			inputFileListPaths = (
			);
			inputPaths = (
				"${PODS_PODFILE_DIR_PATH}/Podfile.lock",
				"${PODS_ROOT}/Manifest.lock",
			);
			name = "[CP] Check Pods Manifest.lock";
			outputFileListPaths = (
			);
			outputPaths = (
				"$(DERIVED_FILE_DIR)/Pods-RespectUV-checkManifestLockResult.txt",
			);
			runOnlyForDeploymentPostprocessing = 0;
			shellPath = /bin/sh;
			shellScript = "diff \"${PODS_PODFILE_DIR_PATH}/Podfile.lock\" \"${PODS_ROOT}/Manifest.lock\" > /dev/null\nif [ $? != 0 ] ; then\n    # print error to STDERR\n    echo \"error: The sandbox is not in sync with the Podfile.lock. Run 'pod install' or update your CocoaPods installation.\" >&2\n    exit 1\nfi\n# This output is used by Xcode 'outputs' to avoid re-running this script phase.\necho \"SUCCESS\" > \"${SCRIPT_OUTPUT_FILE_0}\"\n";
			showEnvVarsInLog = 0;
		};
		54203FC88C805BED6D890092 /* [CP] Embed Pods Frameworks */ = {
			isa = PBXShellScriptBuildPhase;
			buildActionMask = 2147483647;
			files = (
			);
			inputFileListPaths = (
				"${PODS_ROOT}/Target Support Files/Pods-RespectUV/Pods-RespectUV-frameworks-${CONFIGURATION}-input-files.xcfilelist",
			);
			name = "[CP] Embed Pods Frameworks";
			outputFileListPaths = (
				"${PODS_ROOT}/Target Support Files/Pods-RespectUV/Pods-RespectUV-frameworks-${CONFIGURATION}-output-files.xcfilelist",
			);
			runOnlyForDeploymentPostprocessing = 0;
			shellPath = /bin/sh;
			shellScript = "\"${PODS_ROOT}/Target Support Files/Pods-RespectUV/Pods-RespectUV-frameworks.sh\"\n";
			showEnvVarsInLog = 0;
		};
		6F09AC68488332B30709BADD /* [Carte] Post Script */ = {
			isa = PBXShellScriptBuildPhase;
			buildActionMask = 2147483647;
			files = (
			);
			inputFileListPaths = (
			);
			inputPaths = (
			);
			name = "[Carte] Post Script";
			outputFileListPaths = (
			);
			outputPaths = (
			);
			runOnlyForDeploymentPostprocessing = 0;
			shellPath = /bin/sh;
			shellScript = "ruby ${PODS_ROOT}/Carte/Sources/Carte/carte.rb post";
			showEnvVarsInLog = 0;
		};
		E62EED9B3D667B480F11A2F0 /* [Carte] Pre Script */ = {
			isa = PBXShellScriptBuildPhase;
			buildActionMask = 2147483647;
			files = (
			);
			inputFileListPaths = (
			);
			inputPaths = (
			);
			name = "[Carte] Pre Script";
			outputFileListPaths = (
			);
			outputPaths = (
			);
			runOnlyForDeploymentPostprocessing = 0;
			shellPath = /bin/sh;
			shellScript = "ruby ${PODS_ROOT}/Carte/Sources/Carte/carte.rb pre";
			showEnvVarsInLog = 0;
		};
/* End PBXShellScriptBuildPhase section */

/* Begin PBXSourcesBuildPhase section */
		196B65C023B5F87800CE7B9D /* Sources */ = {
			isa = PBXSourcesBuildPhase;
			buildActionMask = 2147483647;
			files = (
				1960552723BB8BFE000643DE /* LocalizedString.swift in Sources */,
				1960552923BB8C1E000643DE /* BPM.swift in Sources */,
				1960552D23BB8C42000643DE /* Series.swift in Sources */,
				1960552523BB8A4A000643DE /* Song.swift in Sources */,
				1960551323B9E822000643DE /* NicknameChangeViewUI.swift in Sources */,
				1917E4BC23B62AB30041FE11 /* MoreViewController.swift in Sources */,
				1960556C23BE03A3000643DE /* MusicViewUI.swift in Sources */,
				1960553D23BC6D5D000643DE /* MainTunesChangeViewController.swift in Sources */,
				196054FC23B7392A000643DE /* Log.swift in Sources */,
				1960552F23BB8C57000643DE /* Tunes.swift in Sources */,
				1960550023B8A9FC000643DE /* UIStackView+.swift in Sources */,
				1960553B23BC69E9000643DE /* PresentationType.swift in Sources */,
				1917E4E323B6432F0041FE11 /* BPMStandardDefaultsSettingViewReactor.swift in Sources */,
				1917E4D623B62FA20041FE11 /* UIEdgeInsets+.swift in Sources */,
				196B65F923B623B400CE7B9D /* NicknameSettingViewUI.swift in Sources */,
				1917E4DD23B640590041FE11 /* LoginViewReactor.swift in Sources */,
				1917E4D423B62FA20041FE11 /* UITableView+.swift in Sources */,
				1960554123BC6D6D000643DE /* MainTunesChangeViewUI.swift in Sources */,
				196054FE23B7403D000643DE /* LoginNavigationController.swift in Sources */,
				1917E4BE23B62AB70041FE11 /* MoreViewUI.swift in Sources */,
				1960556423BE0116000643DE /* InfoSectionModel.swift in Sources */,
				196054FA23B73828000643DE /* KakaoLoginService.swift in Sources */,
				1917E4D723B62FA20041FE11 /* Reactive+UICollectionView.swift in Sources */,
				1917E4D923B63F1B0041FE11 /* BaseViewController.swift in Sources */,
				1960551D23BB7D5B000643DE /* MoreSectionModel.swift in Sources */,
				1917E4D223B62FA20041FE11 /* Reactive+UITableView.swift in Sources */,
				1960553323BB9B46000643DE /* Images.swift in Sources */,
				1917E4C723B62F880041FE11 /* UIView+SnapKit.swift in Sources */,
				196B65F323B6204000CE7B9D /* RootView.swift in Sources */,
				1917E4E123B642080041FE11 /* NicknameSettingViewReactor.swift in Sources */,
				196B65F523B621F800CE7B9D /* Colors.swift in Sources */,
				1960557423BE05E0000643DE /* FBService.swift in Sources */,
				1960550F23B9E810000643DE /* NicknameChangeViewController.swift in Sources */,
				1917E4E523B643F10041FE11 /* HomeViewReactor.swift in Sources */,
				1960557223BE03BB000643DE /* CollectionViewReactor.swift in Sources */,
				1917E4B623B62AA20041FE11 /* InfoViewController.swift in Sources */,
				1960556E23BE03AE000643DE /* MusicViewReactor.swift in Sources */,
				196B65E423B61F1000CE7B9D /* LoginViewController.swift in Sources */,
				1960551723BB76F0000643DE /* Reactive+UITextField.swift in Sources */,
				196B65E823B61F6300CE7B9D /* BPMStandardDefaultsSettingViewController.swift in Sources */,
				1917E4D323B62FA20041FE11 /* UICollectionView+.swift in Sources */,
				1917E4B023B629F10041FE11 /* HomeViewController.swift in Sources */,
				196B65EA23B61F8400CE7B9D /* LoginViewUI.swift in Sources */,
				1960556A23BE039C000643DE /* CollectionViewController.swift in Sources */,
				1917E4AB23B626E00041FE11 /* BPMStandardDefaultSettingViewUI.swift in Sources */,
				1917E4C523B62F770041FE11 /* UIView+.swift in Sources */,
				1960556623BE02EF000643DE /* InfoCell.swift in Sources */,
				1960553123BB8D0E000643DE /* Difficulty.swift in Sources */,
				1917E4D123B62FA20041FE11 /* Result+.swift in Sources */,
				1917E4EB23B724760041FE11 /* Reactive+UIViewController.swift in Sources */,
				196B65EF23B6202700CE7B9D /* UIOwner.swift in Sources */,
				196B65E623B61F2A00CE7B9D /* NicknameSettingViewController.swift in Sources */,
				1960553F23BC6D67000643DE /* MainTunesChangeViewReactor.swift in Sources */,
				1917E4D523B62FA20041FE11 /* UIAlertController+.swift in Sources */,
				1917E4A923B626210041FE11 /* Configuration.swift in Sources */,
				1960553723BBA8A7000643DE /* Speed.swift in Sources */,
				1917E4E723B644660041FE11 /* InfoViewReactor.swift in Sources */,
				1960556823BE0395000643DE /* MusicViewController.swift in Sources */,
				1917E4AE23B629360041FE11 /* MainTabBarController.swift in Sources */,
				1960551523B9E829000643DE /* NicknameChangeViewReactor.swift in Sources */,
				1917E4B823B62AA80041FE11 /* InfoViewUI.swift in Sources */,
				1960553923BC62D0000643DE /* RxMailCompose.swift in Sources */,
				196B65C823B5F87800CE7B9D /* AppDelegate.swift in Sources */,
				1960551F23BB816F000643DE /* ConfirmButton.swift in Sources */,
				1960557023BE03B4000643DE /* CollectionViewUI.swift in Sources */,
				1917E4B223B629F50041FE11 /* HomeViewUI.swift in Sources */,
				1960552123BB877B000643DE /* MoreCell.swift in Sources */,
				1917E4C923B62F940041FE11 /* NSObject+.swift in Sources */,
				1917E4E923B644700041FE11 /* MoreViewReactor.swift in Sources */,
				196B65ED23B6202300CE7B9D /* UI.swift in Sources */,
			);
			runOnlyForDeploymentPostprocessing = 0;
		};
/* End PBXSourcesBuildPhase section */

/* Begin PBXVariantGroup section */
		196B65D223B5F87A00CE7B9D /* LaunchScreen.storyboard */ = {
			isa = PBXVariantGroup;
			children = (
				196B65D323B5F87A00CE7B9D /* Base */,
			);
			name = LaunchScreen.storyboard;
			sourceTree = "<group>";
		};
/* End PBXVariantGroup section */

/* Begin XCBuildConfiguration section */
		196B65D623B5F87A00CE7B9D /* Debug */ = {
			isa = XCBuildConfiguration;
			buildSettings = {
				ALWAYS_SEARCH_USER_PATHS = NO;
				CLANG_ANALYZER_NONNULL = YES;
				CLANG_ANALYZER_NUMBER_OBJECT_CONVERSION = YES_AGGRESSIVE;
				CLANG_CXX_LANGUAGE_STANDARD = "gnu++14";
				CLANG_CXX_LIBRARY = "libc++";
				CLANG_ENABLE_MODULES = YES;
				CLANG_ENABLE_OBJC_ARC = YES;
				CLANG_ENABLE_OBJC_WEAK = YES;
				CLANG_WARN_BLOCK_CAPTURE_AUTORELEASING = YES;
				CLANG_WARN_BOOL_CONVERSION = YES;
				CLANG_WARN_COMMA = YES;
				CLANG_WARN_CONSTANT_CONVERSION = YES;
				CLANG_WARN_DEPRECATED_OBJC_IMPLEMENTATIONS = YES;
				CLANG_WARN_DIRECT_OBJC_ISA_USAGE = YES_ERROR;
				CLANG_WARN_DOCUMENTATION_COMMENTS = YES;
				CLANG_WARN_EMPTY_BODY = YES;
				CLANG_WARN_ENUM_CONVERSION = YES;
				CLANG_WARN_INFINITE_RECURSION = YES;
				CLANG_WARN_INT_CONVERSION = YES;
				CLANG_WARN_NON_LITERAL_NULL_CONVERSION = YES;
				CLANG_WARN_OBJC_IMPLICIT_RETAIN_SELF = YES;
				CLANG_WARN_OBJC_LITERAL_CONVERSION = YES;
				CLANG_WARN_OBJC_ROOT_CLASS = YES_ERROR;
				CLANG_WARN_RANGE_LOOP_ANALYSIS = YES;
				CLANG_WARN_STRICT_PROTOTYPES = YES;
				CLANG_WARN_SUSPICIOUS_MOVE = YES;
				CLANG_WARN_UNGUARDED_AVAILABILITY = YES_AGGRESSIVE;
				CLANG_WARN_UNREACHABLE_CODE = YES;
				CLANG_WARN__DUPLICATE_METHOD_MATCH = YES;
				COPY_PHASE_STRIP = NO;
				DEBUG_INFORMATION_FORMAT = dwarf;
				ENABLE_STRICT_OBJC_MSGSEND = YES;
				ENABLE_TESTABILITY = YES;
				GCC_C_LANGUAGE_STANDARD = gnu11;
				GCC_DYNAMIC_NO_PIC = NO;
				GCC_NO_COMMON_BLOCKS = YES;
				GCC_OPTIMIZATION_LEVEL = 0;
				GCC_PREPROCESSOR_DEFINITIONS = (
					"DEBUG=1",
					"$(inherited)",
				);
				GCC_WARN_64_TO_32_BIT_CONVERSION = YES;
				GCC_WARN_ABOUT_RETURN_TYPE = YES_ERROR;
				GCC_WARN_UNDECLARED_SELECTOR = YES;
				GCC_WARN_UNINITIALIZED_AUTOS = YES_AGGRESSIVE;
				GCC_WARN_UNUSED_FUNCTION = YES;
				GCC_WARN_UNUSED_VARIABLE = YES;
				IPHONEOS_DEPLOYMENT_TARGET = 11.0;
				MTL_ENABLE_DEBUG_INFO = INCLUDE_SOURCE;
				MTL_FAST_MATH = YES;
				ONLY_ACTIVE_ARCH = YES;
				SDKROOT = iphoneos;
				SWIFT_ACTIVE_COMPILATION_CONDITIONS = DEBUG;
				SWIFT_OPTIMIZATION_LEVEL = "-Onone";
			};
			name = Debug;
		};
		196B65D723B5F87A00CE7B9D /* Release */ = {
			isa = XCBuildConfiguration;
			buildSettings = {
				ALWAYS_SEARCH_USER_PATHS = NO;
				CLANG_ANALYZER_NONNULL = YES;
				CLANG_ANALYZER_NUMBER_OBJECT_CONVERSION = YES_AGGRESSIVE;
				CLANG_CXX_LANGUAGE_STANDARD = "gnu++14";
				CLANG_CXX_LIBRARY = "libc++";
				CLANG_ENABLE_MODULES = YES;
				CLANG_ENABLE_OBJC_ARC = YES;
				CLANG_ENABLE_OBJC_WEAK = YES;
				CLANG_WARN_BLOCK_CAPTURE_AUTORELEASING = YES;
				CLANG_WARN_BOOL_CONVERSION = YES;
				CLANG_WARN_COMMA = YES;
				CLANG_WARN_CONSTANT_CONVERSION = YES;
				CLANG_WARN_DEPRECATED_OBJC_IMPLEMENTATIONS = YES;
				CLANG_WARN_DIRECT_OBJC_ISA_USAGE = YES_ERROR;
				CLANG_WARN_DOCUMENTATION_COMMENTS = YES;
				CLANG_WARN_EMPTY_BODY = YES;
				CLANG_WARN_ENUM_CONVERSION = YES;
				CLANG_WARN_INFINITE_RECURSION = YES;
				CLANG_WARN_INT_CONVERSION = YES;
				CLANG_WARN_NON_LITERAL_NULL_CONVERSION = YES;
				CLANG_WARN_OBJC_IMPLICIT_RETAIN_SELF = YES;
				CLANG_WARN_OBJC_LITERAL_CONVERSION = YES;
				CLANG_WARN_OBJC_ROOT_CLASS = YES_ERROR;
				CLANG_WARN_RANGE_LOOP_ANALYSIS = YES;
				CLANG_WARN_STRICT_PROTOTYPES = YES;
				CLANG_WARN_SUSPICIOUS_MOVE = YES;
				CLANG_WARN_UNGUARDED_AVAILABILITY = YES_AGGRESSIVE;
				CLANG_WARN_UNREACHABLE_CODE = YES;
				CLANG_WARN__DUPLICATE_METHOD_MATCH = YES;
				COPY_PHASE_STRIP = NO;
				DEBUG_INFORMATION_FORMAT = "dwarf-with-dsym";
				ENABLE_NS_ASSERTIONS = NO;
				ENABLE_STRICT_OBJC_MSGSEND = YES;
				GCC_C_LANGUAGE_STANDARD = gnu11;
				GCC_NO_COMMON_BLOCKS = YES;
				GCC_WARN_64_TO_32_BIT_CONVERSION = YES;
				GCC_WARN_ABOUT_RETURN_TYPE = YES_ERROR;
				GCC_WARN_UNDECLARED_SELECTOR = YES;
				GCC_WARN_UNINITIALIZED_AUTOS = YES_AGGRESSIVE;
				GCC_WARN_UNUSED_FUNCTION = YES;
				GCC_WARN_UNUSED_VARIABLE = YES;
				IPHONEOS_DEPLOYMENT_TARGET = 11.0;
				MTL_ENABLE_DEBUG_INFO = NO;
				MTL_FAST_MATH = YES;
				SDKROOT = iphoneos;
				SWIFT_COMPILATION_MODE = wholemodule;
				SWIFT_OPTIMIZATION_LEVEL = "-O";
				VALIDATE_PRODUCT = YES;
			};
			name = Release;
		};
		196B65D923B5F87A00CE7B9D /* Debug */ = {
			isa = XCBuildConfiguration;
			baseConfigurationReference = 423318240FD63C29EE735DD7 /* Pods-RespectUV.debug.xcconfig */;
			buildSettings = {
				ASSETCATALOG_COMPILER_APPICON_NAME = AppIcon;
				CODE_SIGN_STYLE = Automatic;
				CURRENT_PROJECT_VERSION = 1;
				DEVELOPMENT_TEAM = H79MF628K3;
				FRAMEWORK_SEARCH_PATHS = (
					"$(inherited)",
					"$(PROJECT_DIR)",
				);
				INFOPLIST_FILE = RespectUV/Supports/Info.plist;
				LD_RUNPATH_SEARCH_PATHS = (
					"$(inherited)",
					"@executable_path/Frameworks",
				);
				MARKETING_VERSION = 1.0.0;
				OTHER_LDFLAGS = (
					"$(inherited)",
					"-ObjC",
					"-l\"c++\"",
					"-l\"sqlite3\"",
					"-l\"z\"",
					"-framework",
					"\"Carte\"",
					"-framework",
					"\"CoreGraphics\"",
					"-framework",
					"\"FIRAnalyticsConnector\"",
					"-framework",
					"\"FirebaseAnalytics\"",
					"-framework",
					"\"FirebaseCore\"",
					"-framework",
					"\"FirebaseCoreDiagnostics\"",
					"-framework",
					"\"FirebaseInstanceID\"",
					"-framework",
					"\"Foundation\"",
					"-framework",
					"\"GoogleAppMeasurement\"",
					"-framework",
					"\"GoogleDataTransport\"",
					"-framework",
					"\"GoogleDataTransportCCTSupport\"",
					"-framework",
					"\"GoogleUtilities\"",
					"-framework",
					"\"NaverThirdPartyLogin\"",
					"-framework",
					"\"QuartzCore\"",
					"-framework",
					"\"RxCocoa\"",
					"-framework",
					"\"RxRelay\"",
					"-framework",
					"\"RxSwift\"",
					"-framework",
					"\"SafariServices\"",
					"-framework",
					"\"Security\"",
					"-framework",
					"\"SnapKit\"",
					"-framework",
					"\"StoreKit\"",
					"-framework",
					"\"SystemConfiguration\"",
					"-framework",
					"\"Then\"",
					"-framework",
					"\"UIKit\"",
					"-framework",
					"\"nanopb\"",
				);
				PRODUCT_BUNDLE_IDENTIFIER = com.presto.RespectUV;
				PRODUCT_NAME = "$(TARGET_NAME)";
				SWIFT_VERSION = 5.0;
				TARGETED_DEVICE_FAMILY = 1;
			};
			name = Debug;
		};
		196B65DA23B5F87A00CE7B9D /* Release */ = {
			isa = XCBuildConfiguration;
			baseConfigurationReference = 13C0F98D69ECC2C7F57E40AA /* Pods-RespectUV.release.xcconfig */;
			buildSettings = {
				ASSETCATALOG_COMPILER_APPICON_NAME = AppIcon;
				CODE_SIGN_STYLE = Automatic;
				CURRENT_PROJECT_VERSION = 1;
				DEVELOPMENT_TEAM = H79MF628K3;
				FRAMEWORK_SEARCH_PATHS = (
					"$(inherited)",
					"$(PROJECT_DIR)",
				);
				INFOPLIST_FILE = RespectUV/Supports/Info.plist;
				LD_RUNPATH_SEARCH_PATHS = (
					"$(inherited)",
					"@executable_path/Frameworks",
				);
				MARKETING_VERSION = 1.0.0;
				OTHER_LDFLAGS = (
					"$(inherited)",
					"-ObjC",
					"-l\"c++\"",
					"-l\"sqlite3\"",
					"-l\"z\"",
					"-framework",
					"\"Carte\"",
					"-framework",
					"\"CoreGraphics\"",
					"-framework",
					"\"FIRAnalyticsConnector\"",
					"-framework",
					"\"FirebaseAnalytics\"",
					"-framework",
					"\"FirebaseCore\"",
					"-framework",
					"\"FirebaseCoreDiagnostics\"",
					"-framework",
					"\"FirebaseInstanceID\"",
					"-framework",
					"\"Foundation\"",
					"-framework",
					"\"GoogleAppMeasurement\"",
					"-framework",
					"\"GoogleDataTransport\"",
					"-framework",
					"\"GoogleDataTransportCCTSupport\"",
					"-framework",
					"\"GoogleUtilities\"",
					"-framework",
					"\"NaverThirdPartyLogin\"",
					"-framework",
					"\"QuartzCore\"",
					"-framework",
					"\"RxCocoa\"",
					"-framework",
					"\"RxRelay\"",
					"-framework",
					"\"RxSwift\"",
					"-framework",
					"\"SafariServices\"",
					"-framework",
					"\"Security\"",
					"-framework",
					"\"SnapKit\"",
					"-framework",
					"\"StoreKit\"",
					"-framework",
					"\"SystemConfiguration\"",
					"-framework",
					"\"Then\"",
					"-framework",
					"\"UIKit\"",
					"-framework",
					"\"nanopb\"",
				);
				PRODUCT_BUNDLE_IDENTIFIER = com.presto.RespectUV;
				PRODUCT_NAME = "$(TARGET_NAME)";
				SWIFT_VERSION = 5.0;
				TARGETED_DEVICE_FAMILY = 1;
			};
			name = Release;
		};
/* End XCBuildConfiguration section */

/* Begin XCConfigurationList section */
		196B65BF23B5F87800CE7B9D /* Build configuration list for PBXProject "RespectUV" */ = {
			isa = XCConfigurationList;
			buildConfigurations = (
				196B65D623B5F87A00CE7B9D /* Debug */,
				196B65D723B5F87A00CE7B9D /* Release */,
			);
			defaultConfigurationIsVisible = 0;
			defaultConfigurationName = Release;
		};
		196B65D823B5F87A00CE7B9D /* Build configuration list for PBXNativeTarget "RespectUV" */ = {
			isa = XCConfigurationList;
			buildConfigurations = (
				196B65D923B5F87A00CE7B9D /* Debug */,
				196B65DA23B5F87A00CE7B9D /* Release */,
			);
			defaultConfigurationIsVisible = 0;
			defaultConfigurationName = Release;
		};
/* End XCConfigurationList section */
	};
	rootObject = 196B65BC23B5F87800CE7B9D /* Project object */;
}
